
Microsoft Visual Studio Solution File, Format Version 12.00
# Visual Studio Version 17
VisualStudioVersion = 17.10.35122.118
MinimumVisualStudioVersion = 10.0.40219.1
Project("{FAE04EC0-301F-11D3-BF4B-00C04F79EFBC}") = "WorkItems_API", "WorkItems_API\WorkItems_API.csproj", "{7BA2CA43-34AD-4242-8FA2-147D03773A1F}"
EndProject
Global
	GlobalSection(SolutionConfigurationPlatforms) = preSolution
		Debug|Any CPU = Debug|Any CPU
		Release|Any CPU = Release|Any CPU
	EndGlobalSection
	GlobalSection(ProjectConfigurationPlatforms) = postSolution
		{7BA2CA43-34AD-4242-8FA2-147D03773A1F}.Debug|Any CPU.ActiveCfg = Debug|Any CPU
		{7BA2CA43-34AD-4242-8FA2-147D03773A1F}.Debug|Any CPU.Build.0 = Debug|Any CPU
		{7BA2CA43-34AD-4242-8FA2-147D03773A1F}.Release|Any CPU.ActiveCfg = Release|Any CPU
		{7BA2CA43-34AD-4242-8FA2-147D03773A1F}.Release|Any CPU.Build.0 = Release|Any CPU
	EndGlobalSection
	GlobalSection(SolutionProperties) = preSolution
		HideSolutionNode = FALSE
	EndGlobalSection
	GlobalSection(ExtensibilityGlobals) = postSolution
		SolutionGuid = {E05500F7-2AC4-403A-98EB-2D8C5B56B886}
	EndGlobalSection
EndGlobal
